// !$*UTF8*$!
{
	archiveVersion = 1;
	classes = {
	};
	objectVersion = 77;
	objects = {

/* Begin PBXBuildFile section */
		1403AA142CFDB4E2007DFD55 /* Day1.swift in Sources */ = {isa = PBXBuildFile; fileRef = 1403AA0F2CFDB4E2007DFD55 /* Day1.swift */; };
		1403AA152CFDB4E2007DFD55 /* main.swift in Sources */ = {isa = PBXBuildFile; fileRef = 1403AA122CFDB4E2007DFD55 /* main.swift */; };
		1403AA182CFDB797007DFD55 /* Day2.swift in Sources */ = {isa = PBXBuildFile; fileRef = 1403AA172CFDB794007DFD55 /* Day2.swift */; };
		1403AA1B2CFDF62A007DFD55 /* Day3.swift in Sources */ = {isa = PBXBuildFile; fileRef = 1403AA1A2CFDF627007DFD55 /* Day3.swift */; };
		1403AA1E2CFDF75F007DFD55 /* DayN.swift in Sources */ = {isa = PBXBuildFile; fileRef = 1403AA1D2CFDF75F007DFD55 /* DayN.swift */; };
		14D6B1E32CFF0FD40023EACE /* Day4.swift in Sources */ = {isa = PBXBuildFile; fileRef = 14D6B1E22CFF0FD40023EACE /* Day4.swift */; };
		14D6B1EF2D0183D80023EACE /* Day5.swift in Sources */ = {isa = PBXBuildFile; fileRef = 14D6B1EE2D0183D80023EACE /* Day5.swift */; };
/* End PBXBuildFile section */

/* Begin PBXCopyFilesBuildPhase section */
		1403A9FE2CFDB29F007DFD55 /* CopyFiles */ = {
			isa = PBXCopyFilesBuildPhase;
			buildActionMask = 2147483647;
			dstPath = /usr/share/man/man1/;
			dstSubfolderSpec = 0;
			files = (
			);
			runOnlyForDeploymentPostprocessing = 1;
		};
/* End PBXCopyFilesBuildPhase section */

/* Begin PBXFileReference section */
		1403AA002CFDB29F007DFD55 /* AdventOfCode2024 */ = {isa = PBXFileReference; explicitFileType = "compiled.mach-o.executable"; includeInIndex = 0; path = AdventOfCode2024; sourceTree = BUILT_PRODUCTS_DIR; };
		1403AA0F2CFDB4E2007DFD55 /* Day1.swift */ = {isa = PBXFileReference; lastKnownFileType = sourcecode.swift; path = Day1.swift; sourceTree = "<group>"; };
		1403AA102CFDB4E2007DFD55 /* input1.txt */ = {isa = PBXFileReference; lastKnownFileType = text; path = input1.txt; sourceTree = "<group>"; };
		1403AA122CFDB4E2007DFD55 /* main.swift */ = {isa = PBXFileReference; lastKnownFileType = sourcecode.swift; path = main.swift; sourceTree = "<group>"; };
		1403AA172CFDB794007DFD55 /* Day2.swift */ = {isa = PBXFileReference; lastKnownFileType = sourcecode.swift; path = Day2.swift; sourceTree = "<group>"; };
		1403AA192CFDB8CD007DFD55 /* input2.txt */ = {isa = PBXFileReference; lastKnownFileType = text; path = input2.txt; sourceTree = "<group>"; };
		1403AA1A2CFDF627007DFD55 /* Day3.swift */ = {isa = PBXFileReference; lastKnownFileType = sourcecode.swift; path = Day3.swift; sourceTree = "<group>"; };
		1403AA1C2CFDF665007DFD55 /* input3.txt */ = {isa = PBXFileReference; lastKnownFileType = text; path = input3.txt; sourceTree = "<group>"; };
		1403AA1D2CFDF75F007DFD55 /* DayN.swift */ = {isa = PBXFileReference; lastKnownFileType = sourcecode.swift; path = DayN.swift; sourceTree = "<group>"; };
		14D6B1E22CFF0FD40023EACE /* Day4.swift */ = {isa = PBXFileReference; lastKnownFileType = sourcecode.swift; path = Day4.swift; sourceTree = "<group>"; };
		14D6B1E42CFF16D10023EACE /* input4.txt */ = {isa = PBXFileReference; lastKnownFileType = text; path = input4.txt; sourceTree = "<group>"; };
		14D6B1ED2D0183C80023EACE /* input5.txt */ = {isa = PBXFileReference; lastKnownFileType = text; path = input5.txt; sourceTree = "<group>"; };
		14D6B1EE2D0183D80023EACE /* Day5.swift */ = {isa = PBXFileReference; lastKnownFileType = sourcecode.swift; path = Day5.swift; sourceTree = "<group>"; };
/* End PBXFileReference section */

/* Begin PBXFrameworksBuildPhase section */
		1403A9FD2CFDB29F007DFD55 /* Frameworks */ = {
			isa = PBXFrameworksBuildPhase;
			buildActionMask = 2147483647;
			files = (
			);
			runOnlyForDeploymentPostprocessing = 0;
		};
/* End PBXFrameworksBuildPhase section */

/* Begin PBXGroup section */
		1403A9F72CFDB29F007DFD55 = {
			isa = PBXGroup;
			children = (
				1403AA132CFDB4E2007DFD55 /* AdventOfCode2024 */,
				1403AA012CFDB29F007DFD55 /* Products */,
			);
			sourceTree = "<group>";
		};
		1403AA012CFDB29F007DFD55 /* Products */ = {
			isa = PBXGroup;
			children = (
				1403AA002CFDB29F007DFD55 /* AdventOfCode2024 */,
			);
			name = Products;
			sourceTree = "<group>";
		};
		1403AA112CFDB4E2007DFD55 /* input */ = {
			isa = PBXGroup;
			children = (
				1403AA102CFDB4E2007DFD55 /* input1.txt */,
				1403AA192CFDB8CD007DFD55 /* input2.txt */,
				1403AA1C2CFDF665007DFD55 /* input3.txt */,
				14D6B1E42CFF16D10023EACE /* input4.txt */,
				14D6B1ED2D0183C80023EACE /* input5.txt */,
			);
			path = input;
			sourceTree = "<group>";
		};
		1403AA132CFDB4E2007DFD55 /* AdventOfCode2024 */ = {
			isa = PBXGroup;
			children = (
				1403AA122CFDB4E2007DFD55 /* main.swift */,
				1403AA0F2CFDB4E2007DFD55 /* Day1.swift */,
				1403AA172CFDB794007DFD55 /* Day2.swift */,
				1403AA1A2CFDF627007DFD55 /* Day3.swift */,
				14D6B1E22CFF0FD40023EACE /* Day4.swift */,
				14D6B1EE2D0183D80023EACE /* Day5.swift */,
				1403AA1D2CFDF75F007DFD55 /* DayN.swift */,
				1403AA112CFDB4E2007DFD55 /* input */,
			);
			path = AdventOfCode2024;
			sourceTree = "<group>";
		};
/* End PBXGroup section */

/* Begin PBXNativeTarget section */
		1403A9FF2CFDB29F007DFD55 /* AdventOfCode2024 */ = {
			isa = PBXNativeTarget;
			buildConfigurationList = 1403AA072CFDB29F007DFD55 /* Build configuration list for PBXNativeTarget "AdventOfCode2024" */;
			buildPhases = (
				1403A9FC2CFDB29F007DFD55 /* Sources */,
				1403A9FD2CFDB29F007DFD55 /* Frameworks */,
				1403A9FE2CFDB29F007DFD55 /* CopyFiles */,
			);
			buildRules = (
			);
			dependencies = (
			);
			name = AdventOfCode2024;
			packageProductDependencies = (
			);
			productName = AdventOfCode2024;
			productReference = 1403AA002CFDB29F007DFD55 /* AdventOfCode2024 */;
			productType = "com.apple.product-type.tool";
		};
/* End PBXNativeTarget section */

/* Begin PBXProject section */
		1403A9F82CFDB29F007DFD55 /* Project object */ = {
			isa = PBXProject;
			attributes = {
				BuildIndependentTargetsInParallel = 1;
				LastSwiftUpdateCheck = 1610;
				LastUpgradeCheck = 1610;
				TargetAttributes = {
					1403A9FF2CFDB29F007DFD55 = {
						CreatedOnToolsVersion = 16.1;
					};
				};
			};
			buildConfigurationList = 1403A9FB2CFDB29F007DFD55 /* Build configuration list for PBXProject "AdventOfCode2024" */;
			developmentRegion = en;
			hasScannedForEncodings = 0;
			knownRegions = (
				en,
				Base,
			);
			mainGroup = 1403A9F72CFDB29F007DFD55;
			minimizedProjectReferenceProxies = 1;
			preferredProjectObjectVersion = 77;
			productRefGroup = 1403AA012CFDB29F007DFD55 /* Products */;
			projectDirPath = "";
			projectRoot = "";
			targets = (
				1403A9FF2CFDB29F007DFD55 /* AdventOfCode2024 */,
			);
		};
/* End PBXProject section */

/* Begin PBXSourcesBuildPhase section */
		1403A9FC2CFDB29F007DFD55 /* Sources */ = {
			isa = PBXSourcesBuildPhase;
			buildActionMask = 2147483647;
			files = (
				1403AA1E2CFDF75F007DFD55 /* DayN.swift in Sources */,
				1403AA142CFDB4E2007DFD55 /* Day1.swift in Sources */,
				1403AA182CFDB797007DFD55 /* Day2.swift in Sources */,
				1403AA1B2CFDF62A007DFD55 /* Day3.swift in Sources */,
				14D6B1EF2D0183D80023EACE /* Day5.swift in Sources */,
				1403AA152CFDB4E2007DFD55 /* main.swift in Sources */,
				14D6B1E32CFF0FD40023EACE /* Day4.swift in Sources */,
			);
			runOnlyForDeploymentPostprocessing = 0;
		};
/* End PBXSourcesBuildPhase section */

/* Begin XCBuildConfiguration section */
		1403AA052CFDB29F007DFD55 /* Debug */ = {
			isa = XCBuildConfiguration;
			buildSettings = {
				ALWAYS_SEARCH_USER_PATHS = NO;
				ASSETCATALOG_COMPILER_GENERATE_SWIFT_ASSET_SYMBOL_EXTENSIONS = YES;
				CLANG_ANALYZER_NONNULL = YES;
				CLANG_ANALYZER_NUMBER_OBJECT_CONVERSION = YES_AGGRESSIVE;
				CLANG_CXX_LANGUAGE_STANDARD = "gnu++20";
				CLANG_ENABLE_MODULES = YES;
				CLANG_ENABLE_OBJC_ARC = YES;
				CLANG_ENABLE_OBJC_WEAK = YES;
				CLANG_WARN_BLOCK_CAPTURE_AUTORELEASING = YES;
				CLANG_WARN_BOOL_CONVERSION = YES;
				CLANG_WARN_COMMA = YES;
				CLANG_WARN_CONSTANT_CONVERSION = YES;
				CLANG_WARN_DEPRECATED_OBJC_IMPLEMENTATIONS = YES;
				CLANG_WARN_DIRECT_OBJC_ISA_USAGE = YES_ERROR;
				CLANG_WARN_DOCUMENTATION_COMMENTS = YES;
				CLANG_WARN_EMPTY_BODY = YES;
				CLANG_WARN_ENUM_CONVERSION = YES;
				CLANG_WARN_INFINITE_RECURSION = YES;
				CLANG_WARN_INT_CONVERSION = YES;
				CLANG_WARN_NON_LITERAL_NULL_CONVERSION = YES;
				CLANG_WARN_OBJC_IMPLICIT_RETAIN_SELF = YES;
				CLANG_WARN_OBJC_LITERAL_CONVERSION = YES;
				CLANG_WARN_OBJC_ROOT_CLASS = YES_ERROR;
				CLANG_WARN_QUOTED_INCLUDE_IN_FRAMEWORK_HEADER = YES;
				CLANG_WARN_RANGE_LOOP_ANALYSIS = YES;
				CLANG_WARN_STRICT_PROTOTYPES = YES;
				CLANG_WARN_SUSPICIOUS_MOVE = YES;
				CLANG_WARN_UNGUARDED_AVAILABILITY = YES_AGGRESSIVE;
				CLANG_WARN_UNREACHABLE_CODE = YES;
				CLANG_WARN__DUPLICATE_METHOD_MATCH = YES;
				COPY_PHASE_STRIP = NO;
				DEBUG_INFORMATION_FORMAT = dwarf;
				ENABLE_STRICT_OBJC_MSGSEND = YES;
				ENABLE_TESTABILITY = YES;
				ENABLE_USER_SCRIPT_SANDBOXING = YES;
				GCC_C_LANGUAGE_STANDARD = gnu17;
				GCC_DYNAMIC_NO_PIC = NO;
				GCC_NO_COMMON_BLOCKS = YES;
				GCC_OPTIMIZATION_LEVEL = 0;
				GCC_PREPROCESSOR_DEFINITIONS = (
					"DEBUG=1",
					"$(inherited)",
				);
				GCC_WARN_64_TO_32_BIT_CONVERSION = YES;
				GCC_WARN_ABOUT_RETURN_TYPE = YES_ERROR;
				GCC_WARN_UNDECLARED_SELECTOR = YES;
				GCC_WARN_UNINITIALIZED_AUTOS = YES_AGGRESSIVE;
				GCC_WARN_UNUSED_FUNCTION = YES;
				GCC_WARN_UNUSED_VARIABLE = YES;
				LOCALIZATION_PREFERS_STRING_CATALOGS = YES;
				MACOSX_DEPLOYMENT_TARGET = 15.0;
				MTL_ENABLE_DEBUG_INFO = INCLUDE_SOURCE;
				MTL_FAST_MATH = YES;
				ONLY_ACTIVE_ARCH = YES;
				SDKROOT = macosx;
				SWIFT_ACTIVE_COMPILATION_CONDITIONS = "DEBUG $(inherited)";
				SWIFT_OPTIMIZATION_LEVEL = "-Onone";
			};
			name = Debug;
		};
		1403AA062CFDB29F007DFD55 /* Release */ = {
			isa = XCBuildConfiguration;
			buildSettings = {
				ALWAYS_SEARCH_USER_PATHS = NO;
				ASSETCATALOG_COMPILER_GENERATE_SWIFT_ASSET_SYMBOL_EXTENSIONS = YES;
				CLANG_ANALYZER_NONNULL = YES;
				CLANG_ANALYZER_NUMBER_OBJECT_CONVERSION = YES_AGGRESSIVE;
				CLANG_CXX_LANGUAGE_STANDARD = "gnu++20";
				CLANG_ENABLE_MODULES = YES;
				CLANG_ENABLE_OBJC_ARC = YES;
				CLANG_ENABLE_OBJC_WEAK = YES;
				CLANG_WARN_BLOCK_CAPTURE_AUTORELEASING = YES;
				CLANG_WARN_BOOL_CONVERSION = YES;
				CLANG_WARN_COMMA = YES;
				CLANG_WARN_CONSTANT_CONVERSION = YES;
				CLANG_WARN_DEPRECATED_OBJC_IMPLEMENTATIONS = YES;
				CLANG_WARN_DIRECT_OBJC_ISA_USAGE = YES_ERROR;
				CLANG_WARN_DOCUMENTATION_COMMENTS = YES;
				CLANG_WARN_EMPTY_BODY = YES;
				CLANG_WARN_ENUM_CONVERSION = YES;
				CLANG_WARN_INFINITE_RECURSION = YES;
				CLANG_WARN_INT_CONVERSION = YES;
				CLANG_WARN_NON_LITERAL_NULL_CONVERSION = YES;
				CLANG_WARN_OBJC_IMPLICIT_RETAIN_SELF = YES;
				CLANG_WARN_OBJC_LITERAL_CONVERSION = YES;
				CLANG_WARN_OBJC_ROOT_CLASS = YES_ERROR;
				CLANG_WARN_QUOTED_INCLUDE_IN_FRAMEWORK_HEADER = YES;
				CLANG_WARN_RANGE_LOOP_ANALYSIS = YES;
				CLANG_WARN_STRICT_PROTOTYPES = YES;
				CLANG_WARN_SUSPICIOUS_MOVE = YES;
				CLANG_WARN_UNGUARDED_AVAILABILITY = YES_AGGRESSIVE;
				CLANG_WARN_UNREACHABLE_CODE = YES;
				CLANG_WARN__DUPLICATE_METHOD_MATCH = YES;
				COPY_PHASE_STRIP = NO;
				DEBUG_INFORMATION_FORMAT = "dwarf-with-dsym";
				ENABLE_NS_ASSERTIONS = NO;
				ENABLE_STRICT_OBJC_MSGSEND = YES;
				ENABLE_USER_SCRIPT_SANDBOXING = YES;
				GCC_C_LANGUAGE_STANDARD = gnu17;
				GCC_NO_COMMON_BLOCKS = YES;
				GCC_WARN_64_TO_32_BIT_CONVERSION = YES;
				GCC_WARN_ABOUT_RETURN_TYPE = YES_ERROR;
				GCC_WARN_UNDECLARED_SELECTOR = YES;
				GCC_WARN_UNINITIALIZED_AUTOS = YES_AGGRESSIVE;
				GCC_WARN_UNUSED_FUNCTION = YES;
				GCC_WARN_UNUSED_VARIABLE = YES;
				LOCALIZATION_PREFERS_STRING_CATALOGS = YES;
				MACOSX_DEPLOYMENT_TARGET = 15.0;
				MTL_ENABLE_DEBUG_INFO = NO;
				MTL_FAST_MATH = YES;
				SDKROOT = macosx;
				SWIFT_COMPILATION_MODE = wholemodule;
			};
			name = Release;
		};
		1403AA082CFDB29F007DFD55 /* Debug */ = {
			isa = XCBuildConfiguration;
			buildSettings = {
				CODE_SIGN_STYLE = Automatic;
				DEVELOPMENT_TEAM = NC55XYQH45;
				ENABLE_HARDENED_RUNTIME = YES;
				PRODUCT_NAME = "$(TARGET_NAME)";
				SWIFT_VERSION = 5.0;
			};
			name = Debug;
		};
		1403AA092CFDB29F007DFD55 /* Release */ = {
			isa = XCBuildConfiguration;
			buildSettings = {
				CODE_SIGN_STYLE = Automatic;
				DEVELOPMENT_TEAM = NC55XYQH45;
				ENABLE_HARDENED_RUNTIME = YES;
				PRODUCT_NAME = "$(TARGET_NAME)";
				SWIFT_VERSION = 5.0;
			};
			name = Release;
		};
/* End XCBuildConfiguration section */

/* Begin XCConfigurationList section */
		1403A9FB2CFDB29F007DFD55 /* Build configuration list for PBXProject "AdventOfCode2024" */ = {
			isa = XCConfigurationList;
			buildConfigurations = (
				1403AA052CFDB29F007DFD55 /* Debug */,
				1403AA062CFDB29F007DFD55 /* Release */,
			);
			defaultConfigurationIsVisible = 0;
			defaultConfigurationName = Release;
		};
		1403AA072CFDB29F007DFD55 /* Build configuration list for PBXNativeTarget "AdventOfCode2024" */ = {
			isa = XCConfigurationList;
			buildConfigurations = (
				1403AA082CFDB29F007DFD55 /* Debug */,
				1403AA092CFDB29F007DFD55 /* Release */,
			);
			defaultConfigurationIsVisible = 0;
			defaultConfigurationName = Release;
		};
/* End XCConfigurationList section */
	};
	rootObject = 1403A9F82CFDB29F007DFD55 /* Project object */;
}
